
Microsoft Visual Studio Solution File, Format Version 12.00
# Visual Studio 14
VisualStudioVersion = 14.0.25420.1
MinimumVisualStudioVersion = 10.0.40219.1
Project("{F14B399A-7131-4C87-9E4B-1186C45EF12D}") = "equityETLrpt", "equityETLrpt\equityETLrpt.rptproj", "{D9AD2D6C-EF73-479A-87AB-7B147B204416}"
EndProject
Global
	GlobalSection(SolutionConfigurationPlatforms) = preSolution
		Debug|Default = Debug|Default
		DebugLocal|Default = DebugLocal|Default
		Release|Default = Release|Default
	EndGlobalSection
	GlobalSection(ProjectConfigurationPlatforms) = postSolution
		{D9AD2D6C-EF73-479A-87AB-7B147B204416}.Debug|Default.ActiveCfg = Debug
		{D9AD2D6C-EF73-479A-87AB-7B147B204416}.Debug|Default.Build.0 = Debug
		{D9AD2D6C-EF73-479A-87AB-7B147B204416}.Debug|Default.Deploy.0 = Debug
		{D9AD2D6C-EF73-479A-87AB-7B147B204416}.DebugLocal|Default.ActiveCfg = DebugLocal
		{D9AD2D6C-EF73-479A-87AB-7B147B204416}.DebugLocal|Default.Build.0 = DebugLocal
		{D9AD2D6C-EF73-479A-87AB-7B147B204416}.Release|Default.ActiveCfg = Release
		{D9AD2D6C-EF73-479A-87AB-7B147B204416}.Release|Default.Build.0 = Release
		{D9AD2D6C-EF73-479A-87AB-7B147B204416}.Release|Default.Deploy.0 = Release
	EndGlobalSection
	GlobalSection(SolutionProperties) = preSolution
		HideSolutionNode = FALSE
	EndGlobalSection
EndGlobal
